
Microsoft Visual Studio Solution File, Format Version 12.00
# Visual Studio Version 17
VisualStudioVersion = 17.2.32519.379
MinimumVisualStudioVersion = 10.0.40219.1
Project("{FAE04EC0-301F-11D3-BF4B-00C04F79EFBC}") = "Zoo", "Zoo.csproj", "{43A62751-A0B2-449A-B2A2-4FD133685CC5}"
EndProject
Global
	GlobalSection(SolutionConfigurationPlatforms) = preSolution
		Debug|Any CPU = Debug|Any CPU
		Release|Any CPU = Release|Any CPU
	EndGlobalSection
	GlobalSection(ProjectConfigurationPlatforms) = postSolution
		{43A62751-A0B2-449A-B2A2-4FD133685CC5}.Debug|Any CPU.ActiveCfg = Debug|Any CPU
		{43A62751-A0B2-449A-B2A2-4FD133685CC5}.Debug|Any CPU.Build.0 = Debug|Any CPU
		{43A62751-A0B2-449A-B2A2-4FD133685CC5}.Release|Any CPU.ActiveCfg = Release|Any CPU
		{43A62751-A0B2-449A-B2A2-4FD133685CC5}.Release|Any CPU.Build.0 = Release|Any CPU
	EndGlobalSection
	GlobalSection(SolutionProperties) = preSolution
		HideSolutionNode = FALSE
	EndGlobalSection
	GlobalSection(ExtensibilityGlobals) = postSolution
		SolutionGuid = {A61137B2-F76D-4DCE-9199-3E349EB87767}
	EndGlobalSection
EndGlobal
